<?xml version="1.0" encoding="utf-8"?>
<Project ToolsVersion="4.0" xmlns="http://schemas.microsoft.com/developer/msbuild/2003">
  <ItemGroup>
    <Filter Include="소스 파일">
      <UniqueIdentifier>{4FC737F1-C7A5-4376-A066-2A32D752A2FF}</UniqueIdentifier>
      <Extensions>cpp;c;cc;cxx;def;odl;idl;hpj;bat;asm;asmx</Extensions>
    </Filter>
    <Filter Include="헤더 파일">
      <UniqueIdentifier>{93995380-89BD-4b04-88EB-625FBE52EBFB}</UniqueIdentifier>
      <Extensions>h;hh;hpp;hxx;hm;inl;inc;xsd</Extensions>
    </Filter>
    <Filter Include="리소스 파일">
      <UniqueIdentifier>{67DA6AB6-F800-4c08-8B7A-83BB121AAD01}</UniqueIdentifier>
      <Extensions>rc;ico;cur;bmp;dlg;rc2;rct;bin;rgs;gif;jpg;jpeg;jpe;resx;tiff;tif;png;wav;mfcribbon-ms</Extensions>
    </Filter>
    <Filter Include="소스 파일\00.MainGame">
      <UniqueIdentifier>{8f627527-67d7-4f71-b879-ff6544574977}</UniqueIdentifier>
    </Filter>
    <Filter Include="소스 파일\99.Default">
      <UniqueIdentifier>{3e74f9cf-b51f-4bfd-ad3b-305accaac6c5}</UniqueIdentifier>
    </Filter>
    <Filter Include="소스 파일\01.Player">
      <UniqueIdentifier>{1a72cf73-22af-4651-accc-70364b359e01}</UniqueIdentifier>
    </Filter>
    <Filter Include="소스 파일\03.Mouse">
      <UniqueIdentifier>{daf79f5d-0c20-4da5-b0b0-a2d257412273}</UniqueIdentifier>
    </Filter>
    <Filter Include="소스 파일\02.Monster">
      <UniqueIdentifier>{995c5960-e087-4aba-a666-e33b3c4e33a1}</UniqueIdentifier>
    </Filter>
    <Filter Include="소스 파일\98.Manager">
      <UniqueIdentifier>{5d948817-e866-4f5d-8a59-436532caf581}</UniqueIdentifier>
    </Filter>
    <Filter Include="소스 파일\98.Manager\00.DeviceManager">
      <UniqueIdentifier>{db9ace11-32dc-45e1-87a4-baee28ee92c6}</UniqueIdentifier>
    </Filter>
    <Filter Include="소스 파일\98.Manager\01.TextureManager">
      <UniqueIdentifier>{e444c44f-b86c-46a0-9fee-287313189a35}</UniqueIdentifier>
    </Filter>
    <Filter Include="소스 파일\98.Manager\01.TextureManager\Texture">
      <UniqueIdentifier>{3f73cac2-44d7-4c3d-8c91-3e8f56b39d61}</UniqueIdentifier>
    </Filter>
    <Filter Include="소스 파일\98.Manager\01.TextureManager\Texture\00.Texture">
      <UniqueIdentifier>{bc790067-46ac-4eca-ac12-dd959f045023}</UniqueIdentifier>
    </Filter>
    <Filter Include="소스 파일\98.Manager\01.TextureManager\Texture\02.MultiTexture">
      <UniqueIdentifier>{7189c253-2ac1-4f51-9fbd-916789aec169}</UniqueIdentifier>
    </Filter>
    <Filter Include="소스 파일\98.Manager\01.TextureManager\Texture\01.SingleTexture">
      <UniqueIdentifier>{aca2c3a7-2aa7-4495-8bcb-e4593de2e329}</UniqueIdentifier>
    </Filter>
  </ItemGroup>
  <ItemGroup>
    <ClInclude Include="stdafx.h">
      <Filter>헤더 파일</Filter>
    </ClInclude>
    <ClInclude Include="targetver.h">
      <Filter>소스 파일\99.Default</Filter>
    </ClInclude>
    <ClInclude Include="Resource.h">
      <Filter>소스 파일\99.Default</Filter>
    </ClInclude>
    <ClInclude Include="Client.h">
      <Filter>소스 파일\99.Default</Filter>
    </ClInclude>
    <ClInclude Include="Player.h">
      <Filter>소스 파일\01.Player</Filter>
    </ClInclude>
    <ClInclude Include="MainGame.h">
      <Filter>소스 파일\00.MainGame</Filter>
    </ClInclude>
    <ClInclude Include="Mouse.h">
      <Filter>소스 파일\03.Mouse</Filter>
    </ClInclude>
    <ClInclude Include="DeviceManager.h">
      <Filter>소스 파일\98.Manager\00.DeviceManager</Filter>
    </ClInclude>
    <ClInclude Include="Texture.h">
      <Filter>소스 파일\98.Manager\01.TextureManager\Texture\00.Texture</Filter>
    </ClInclude>
    <ClInclude Include="SingleTexture.h">
      <Filter>소스 파일\98.Manager\01.TextureManager\Texture\01.SingleTexture</Filter>
    </ClInclude>
    <ClInclude Include="Monster.h">
      <Filter>소스 파일\02.Monster</Filter>
    </ClInclude>
  </ItemGroup>
  <ItemGroup>
    <ClCompile Include="stdafx.cpp">
      <Filter>소스 파일\99.Default</Filter>
    </ClCompile>
    <ClCompile Include="Player.cpp">
      <Filter>소스 파일\01.Player</Filter>
    </ClCompile>
    <ClCompile Include="MainGame.cpp">
      <Filter>소스 파일\00.MainGame</Filter>
    </ClCompile>
    <ClCompile Include="Client.cpp">
      <Filter>소스 파일</Filter>
    </ClCompile>
    <ClCompile Include="DeviceManager.cpp">
      <Filter>소스 파일\98.Manager\00.DeviceManager</Filter>
    </ClCompile>
    <ClCompile Include="Texture.cpp">
      <Filter>소스 파일\98.Manager\01.TextureManager\Texture\00.Texture</Filter>
    </ClCompile>
    <ClCompile Include="SingleTexture.cpp">
      <Filter>소스 파일\98.Manager\01.TextureManager\Texture\01.SingleTexture</Filter>
    </ClCompile>
    <ClCompile Include="Monster.cpp">
      <Filter>소스 파일\02.Monster</Filter>
    </ClCompile>
  </ItemGroup>
  <ItemGroup>
    <ResourceCompile Include="Client.rc">
      <Filter>리소스 파일</Filter>
    </ResourceCompile>
  </ItemGroup>
  <ItemGroup>
    <Image Include="small.ico">
      <Filter>리소스 파일</Filter>
    </Image>
    <Image Include="Client.ico">
      <Filter>리소스 파일</Filter>
    </Image>
  </ItemGroup>
  <ItemGroup>
    <Text Include="ReadMe.txt">
      <Filter>소스 파일\99.Default</Filter>
    </Text>
  </ItemGroup>
</Project>